
Microsoft Visual Studio Solution File, Format Version 12.00
# Visual Studio Version 17
VisualStudioVersion = 17.4.33006.217
MinimumVisualStudioVersion = 10.0.40219.1
Project("{FAE04EC0-301F-11D3-BF4B-00C04F79EFBC}") = "TournamentManager.Server", "Server\TournamentManager.Server.csproj", "{CC189A6C-C592-4E48-94E5-66C9C6EC286E}"
EndProject
Project("{FAE04EC0-301F-11D3-BF4B-00C04F79EFBC}") = "TournamentManager.Client", "Client\TournamentManager.Client.csproj", "{6CA8B400-F201-460D-B680-92EB24D3538F}"
EndProject
Project("{FAE04EC0-301F-11D3-BF4B-00C04F79EFBC}") = "TournamentManager.Shared", "Shared\TournamentManager.Shared.csproj", "{ED331F2B-7C1B-4B84-ADA6-2CE523D1FF01}"
EndProject
Global
	GlobalSection(SolutionConfigurationPlatforms) = preSolution
		Debug|Any CPU = Debug|Any CPU
		Release|Any CPU = Release|Any CPU
	EndGlobalSection
	GlobalSection(ProjectConfigurationPlatforms) = postSolution
		{CC189A6C-C592-4E48-94E5-66C9C6EC286E}.Debug|Any CPU.ActiveCfg = Debug|Any CPU
		{CC189A6C-C592-4E48-94E5-66C9C6EC286E}.Debug|Any CPU.Build.0 = Debug|Any CPU
		{CC189A6C-C592-4E48-94E5-66C9C6EC286E}.Release|Any CPU.ActiveCfg = Release|Any CPU
		{CC189A6C-C592-4E48-94E5-66C9C6EC286E}.Release|Any CPU.Build.0 = Release|Any CPU
		{6CA8B400-F201-460D-B680-92EB24D3538F}.Debug|Any CPU.ActiveCfg = Debug|Any CPU
		{6CA8B400-F201-460D-B680-92EB24D3538F}.Debug|Any CPU.Build.0 = Debug|Any CPU
		{6CA8B400-F201-460D-B680-92EB24D3538F}.Release|Any CPU.ActiveCfg = Release|Any CPU
		{6CA8B400-F201-460D-B680-92EB24D3538F}.Release|Any CPU.Build.0 = Release|Any CPU
		{ED331F2B-7C1B-4B84-ADA6-2CE523D1FF01}.Debug|Any CPU.ActiveCfg = Debug|Any CPU
		{ED331F2B-7C1B-4B84-ADA6-2CE523D1FF01}.Debug|Any CPU.Build.0 = Debug|Any CPU
		{ED331F2B-7C1B-4B84-ADA6-2CE523D1FF01}.Release|Any CPU.ActiveCfg = Release|Any CPU
		{ED331F2B-7C1B-4B84-ADA6-2CE523D1FF01}.Release|Any CPU.Build.0 = Release|Any CPU
	EndGlobalSection
	GlobalSection(SolutionProperties) = preSolution
		HideSolutionNode = FALSE
	EndGlobalSection
	GlobalSection(ExtensibilityGlobals) = postSolution
		SolutionGuid = {C2CD1ED5-32D6-4487-9EE6-BA0DB2BD3697}
	EndGlobalSection
EndGlobal
